
Microsoft Visual Studio Solution File, Format Version 12.00
# Visual Studio Version 17
VisualStudioVersion = 17.10.35004.147
MinimumVisualStudioVersion = 10.0.40219.1
Project("{FAE04EC0-301F-11D3-BF4B-00C04F79EFBC}") = "BaseDecoder", "BaseDecoder.csproj", "{D88593D1-1ECC-474F-935B-0EEE90836744}"
EndProject
Global
	GlobalSection(SolutionConfigurationPlatforms) = preSolution
		Debug|Any CPU = Debug|Any CPU
		Release|Any CPU = Release|Any CPU
	EndGlobalSection
	GlobalSection(ProjectConfigurationPlatforms) = postSolution
		{D88593D1-1ECC-474F-935B-0EEE90836744}.Debug|Any CPU.ActiveCfg = Debug|Any CPU
		{D88593D1-1ECC-474F-935B-0EEE90836744}.Debug|Any CPU.Build.0 = Debug|Any CPU
		{D88593D1-1ECC-474F-935B-0EEE90836744}.Release|Any CPU.ActiveCfg = Release|Any CPU
		{D88593D1-1ECC-474F-935B-0EEE90836744}.Release|Any CPU.Build.0 = Release|Any CPU
	EndGlobalSection
	GlobalSection(SolutionProperties) = preSolution
		HideSolutionNode = FALSE
	EndGlobalSection
	GlobalSection(ExtensibilityGlobals) = postSolution
		SolutionGuid = {9F5F581C-06D2-4336-A0CE-6A46233119BB}
	EndGlobalSection
EndGlobal
